// !$*UTF8*$!
{
	archiveVersion = 1;
	classes = {
	};
	objectVersion = 46;
	objects = {

/* Begin PBXBuildFile section */
		5961E5431C7899F400C7160F /* AppDelegate.swift in Sources */ = {isa = PBXBuildFile; fileRef = 5961E5421C7899F400C7160F /* AppDelegate.swift */; };
		5961E5451C7899F400C7160F /* ViewController.swift in Sources */ = {isa = PBXBuildFile; fileRef = 5961E5441C7899F400C7160F /* ViewController.swift */; };
		5961E5481C7899F400C7160F /* Main.storyboard in Resources */ = {isa = PBXBuildFile; fileRef = 5961E5461C7899F400C7160F /* Main.storyboard */; };
		5961E54A1C7899F400C7160F /* Assets.xcassets in Resources */ = {isa = PBXBuildFile; fileRef = 5961E5491C7899F400C7160F /* Assets.xcassets */; };
		5961E54D1C7899F400C7160F /* LaunchScreen.storyboard in Resources */ = {isa = PBXBuildFile; fileRef = 5961E54B1C7899F400C7160F /* LaunchScreen.storyboard */; };
		5961E5581C7899F500C7160F /* MailboxTests.swift in Sources */ = {isa = PBXBuildFile; fileRef = 5961E5571C7899F500C7160F /* MailboxTests.swift */; };
		5961E5631C7899F500C7160F /* MailboxUITests.swift in Sources */ = {isa = PBXBuildFile; fileRef = 5961E5621C7899F500C7160F /* MailboxUITests.swift */; };
		5961E5711C789D1900C7160F /* MailboxViewController.swift in Sources */ = {isa = PBXBuildFile; fileRef = 5961E5701C789D1900C7160F /* MailboxViewController.swift */; };
/* End PBXBuildFile section */

/* Begin PBXContainerItemProxy section */
		5961E5541C7899F500C7160F /* PBXContainerItemProxy */ = {
			isa = PBXContainerItemProxy;
			containerPortal = 5961E5371C7899F400C7160F /* Project object */;
			proxyType = 1;
			remoteGlobalIDString = 5961E53E1C7899F400C7160F;
			remoteInfo = Mailbox;
		};
		5961E55F1C7899F500C7160F /* PBXContainerItemProxy */ = {
			isa = PBXContainerItemProxy;
			containerPortal = 5961E5371C7899F400C7160F /* Project object */;
			proxyType = 1;
			remoteGlobalIDString = 5961E53E1C7899F400C7160F;
			remoteInfo = Mailbox;
		};
/* End PBXContainerItemProxy section */

/* Begin PBXFileReference section */
		5961E53F1C7899F400C7160F /* Mailbox.app */ = {isa = PBXFileReference; explicitFileType = wrapper.application; includeInIndex = 0; path = Mailbox.app; sourceTree = BUILT_PRODUCTS_DIR; };
		5961E5421C7899F400C7160F /* AppDelegate.swift */ = {isa = PBXFileReference; lastKnownFileType = sourcecode.swift; path = AppDelegate.swift; sourceTree = "<group>"; };
		5961E5441C7899F400C7160F /* ViewController.swift */ = {isa = PBXFileReference; lastKnownFileType = sourcecode.swift; path = ViewController.swift; sourceTree = "<group>"; };
		5961E5471C7899F400C7160F /* Base */ = {isa = PBXFileReference; lastKnownFileType = file.storyboard; name = Base; path = Base.lproj/Main.storyboard; sourceTree = "<group>"; };
		5961E5491C7899F400C7160F /* Assets.xcassets */ = {isa = PBXFileReference; lastKnownFileType = folder.assetcatalog; path = Assets.xcassets; sourceTree = "<group>"; };
		5961E54C1C7899F400C7160F /* Base */ = {isa = PBXFileReference; lastKnownFileType = file.storyboard; name = Base; path = Base.lproj/LaunchScreen.storyboard; sourceTree = "<group>"; };
		5961E54E1C7899F400C7160F /* Info.plist */ = {isa = PBXFileReference; lastKnownFileType = text.plist.xml; path = Info.plist; sourceTree = "<group>"; };
		5961E5531C7899F500C7160F /* MailboxTests.xctest */ = {isa = PBXFileReference; explicitFileType = wrapper.cfbundle; includeInIndex = 0; path = MailboxTests.xctest; sourceTree = BUILT_PRODUCTS_DIR; };
		5961E5571C7899F500C7160F /* MailboxTests.swift */ = {isa = PBXFileReference; lastKnownFileType = sourcecode.swift; path = MailboxTests.swift; sourceTree = "<group>"; };
		5961E5591C7899F500C7160F /* Info.plist */ = {isa = PBXFileReference; lastKnownFileType = text.plist.xml; path = Info.plist; sourceTree = "<group>"; };
		5961E55E1C7899F500C7160F /* MailboxUITests.xctest */ = {isa = PBXFileReference; explicitFileType = wrapper.cfbundle; includeInIndex = 0; path = MailboxUITests.xctest; sourceTree = BUILT_PRODUCTS_DIR; };
		5961E5621C7899F500C7160F /* MailboxUITests.swift */ = {isa = PBXFileReference; lastKnownFileType = sourcecode.swift; path = MailboxUITests.swift; sourceTree = "<group>"; };
		5961E5641C7899F500C7160F /* Info.plist */ = {isa = PBXFileReference; lastKnownFileType = text.plist.xml; path = Info.plist; sourceTree = "<group>"; };
		5961E5701C789D1900C7160F /* MailboxViewController.swift */ = {isa = PBXFileReference; fileEncoding = 4; lastKnownFileType = sourcecode.swift; path = MailboxViewController.swift; sourceTree = "<group>"; };
/* End PBXFileReference section */

/* Begin PBXFrameworksBuildPhase section */
		5961E53C1C7899F400C7160F /* Frameworks */ = {
			isa = PBXFrameworksBuildPhase;
			buildActionMask = 2147483647;
			files = (
			);
			runOnlyForDeploymentPostprocessing = 0;
		};
		5961E5501C7899F500C7160F /* Frameworks */ = {
			isa = PBXFrameworksBuildPhase;
			buildActionMask = 2147483647;
			files = (
			);
			runOnlyForDeploymentPostprocessing = 0;
		};
		5961E55B1C7899F500C7160F /* Frameworks */ = {
			isa = PBXFrameworksBuildPhase;
			buildActionMask = 2147483647;
			files = (
			);
			runOnlyForDeploymentPostprocessing = 0;
		};
/* End PBXFrameworksBuildPhase section */

/* Begin PBXGroup section */
		5961E5361C7899F400C7160F = {
			isa = PBXGroup;
			children = (
				5961E5411C7899F400C7160F /* Mailbox */,
				5961E5561C7899F500C7160F /* MailboxTests */,
				5961E5611C7899F500C7160F /* MailboxUITests */,
				5961E5401C7899F400C7160F /* Products */,
			);
			sourceTree = "<group>";
		};
		5961E5401C7899F400C7160F /* Products */ = {
			isa = PBXGroup;
			children = (
				5961E53F1C7899F400C7160F /* Mailbox.app */,
				5961E5531C7899F500C7160F /* MailboxTests.xctest */,
				5961E55E1C7899F500C7160F /* MailboxUITests.xctest */,
			);
			name = Products;
			sourceTree = "<group>";
		};
		5961E5411C7899F400C7160F /* Mailbox */ = {
			isa = PBXGroup;
			children = (
				5961E5421C7899F400C7160F /* AppDelegate.swift */,
				5961E5441C7899F400C7160F /* ViewController.swift */,
				5961E5461C7899F400C7160F /* Main.storyboard */,
				5961E5491C7899F400C7160F /* Assets.xcassets */,
				5961E54B1C7899F400C7160F /* LaunchScreen.storyboard */,
				5961E5701C789D1900C7160F /* MailboxViewController.swift */,
				5961E54E1C7899F400C7160F /* Info.plist */,
			);
			path = Mailbox;
			sourceTree = "<group>";
		};
		5961E5561C7899F500C7160F /* MailboxTests */ = {
			isa = PBXGroup;
			children = (
				5961E5571C7899F500C7160F /* MailboxTests.swift */,
				5961E5591C7899F500C7160F /* Info.plist */,
			);
			path = MailboxTests;
			sourceTree = "<group>";
		};
		5961E5611C7899F500C7160F /* MailboxUITests */ = {
			isa = PBXGroup;
			children = (
				5961E5621C7899F500C7160F /* MailboxUITests.swift */,
				5961E5641C7899F500C7160F /* Info.plist */,
			);
			path = MailboxUITests;
			sourceTree = "<group>";
		};
/* End PBXGroup section */

/* Begin PBXNativeTarget section */
		5961E53E1C7899F400C7160F /* Mailbox */ = {
			isa = PBXNativeTarget;
			buildConfigurationList = 5961E5671C7899F500C7160F /* Build configuration list for PBXNativeTarget "Mailbox" */;
			buildPhases = (
				5961E53B1C7899F400C7160F /* Sources */,
				5961E53C1C7899F400C7160F /* Frameworks */,
				5961E53D1C7899F400C7160F /* Resources */,
			);
			buildRules = (
			);
			dependencies = (
			);
			name = Mailbox;
			productName = Mailbox;
			productReference = 5961E53F1C7899F400C7160F /* Mailbox.app */;
			productType = "com.apple.product-type.application";
		};
		5961E5521C7899F500C7160F /* MailboxTests */ = {
			isa = PBXNativeTarget;
			buildConfigurationList = 5961E56A1C7899F500C7160F /* Build configuration list for PBXNativeTarget "MailboxTests" */;
			buildPhases = (
				5961E54F1C7899F500C7160F /* Sources */,
				5961E5501C7899F500C7160F /* Frameworks */,
				5961E5511C7899F500C7160F /* Resources */,
			);
			buildRules = (
			);
			dependencies = (
				5961E5551C7899F500C7160F /* PBXTargetDependency */,
			);
			name = MailboxTests;
			productName = MailboxTests;
			productReference = 5961E5531C7899F500C7160F /* MailboxTests.xctest */;
			productType = "com.apple.product-type.bundle.unit-test";
		};
		5961E55D1C7899F500C7160F /* MailboxUITests */ = {
			isa = PBXNativeTarget;
			buildConfigurationList = 5961E56D1C7899F500C7160F /* Build configuration list for PBXNativeTarget "MailboxUITests" */;
			buildPhases = (
				5961E55A1C7899F500C7160F /* Sources */,
				5961E55B1C7899F500C7160F /* Frameworks */,
				5961E55C1C7899F500C7160F /* Resources */,
			);
			buildRules = (
			);
			dependencies = (
				5961E5601C7899F500C7160F /* PBXTargetDependency */,
			);
			name = MailboxUITests;
			productName = MailboxUITests;
			productReference = 5961E55E1C7899F500C7160F /* MailboxUITests.xctest */;
			productType = "com.apple.product-type.bundle.ui-testing";
		};
/* End PBXNativeTarget section */

/* Begin PBXProject section */
		5961E5371C7899F400C7160F /* Project object */ = {
			isa = PBXProject;
			attributes = {
				LastSwiftUpdateCheck = 0720;
				LastUpgradeCheck = 0720;
				ORGANIZATIONNAME = "Kevin Zhu";
				TargetAttributes = {
					5961E53E1C7899F400C7160F = {
						CreatedOnToolsVersion = 7.2;
					};
					5961E5521C7899F500C7160F = {
						CreatedOnToolsVersion = 7.2;
						TestTargetID = 5961E53E1C7899F400C7160F;
					};
					5961E55D1C7899F500C7160F = {
						CreatedOnToolsVersion = 7.2;
						TestTargetID = 5961E53E1C7899F400C7160F;
					};
				};
			};
			buildConfigurationList = 5961E53A1C7899F400C7160F /* Build configuration list for PBXProject "Mailbox" */;
			compatibilityVersion = "Xcode 3.2";
			developmentRegion = English;
			hasScannedForEncodings = 0;
			knownRegions = (
				en,
				Base,
			);
			mainGroup = 5961E5361C7899F400C7160F;
			productRefGroup = 5961E5401C7899F400C7160F /* Products */;
			projectDirPath = "";
			projectRoot = "";
			targets = (
				5961E53E1C7899F400C7160F /* Mailbox */,
				5961E5521C7899F500C7160F /* MailboxTests */,
				5961E55D1C7899F500C7160F /* MailboxUITests */,
			);
		};
/* End PBXProject section */

/* Begin PBXResourcesBuildPhase section */
		5961E53D1C7899F400C7160F /* Resources */ = {
			isa = PBXResourcesBuildPhase;
			buildActionMask = 2147483647;
			files = (
				5961E54D1C7899F400C7160F /* LaunchScreen.storyboard in Resources */,
				5961E54A1C7899F400C7160F /* Assets.xcassets in Resources */,
				5961E5481C7899F400C7160F /* Main.storyboard in Resources */,
			);
			runOnlyForDeploymentPostprocessing = 0;
		};
		5961E5511C7899F500C7160F /* Resources */ = {
			isa = PBXResourcesBuildPhase;
			buildActionMask = 2147483647;
			files = (
			);
			runOnlyForDeploymentPostprocessing = 0;
		};
		5961E55C1C7899F500C7160F /* Resources */ = {
			isa = PBXResourcesBuildPhase;
			buildActionMask = 2147483647;
			files = (
			);
			runOnlyForDeploymentPostprocessing = 0;
		};
/* End PBXResourcesBuildPhase section */

/* Begin PBXSourcesBuildPhase section */
		5961E53B1C7899F400C7160F /* Sources */ = {
			isa = PBXSourcesBuildPhase;
			buildActionMask = 2147483647;
			files = (
				5961E5451C7899F400C7160F /* ViewController.swift in Sources */,
				5961E5431C7899F400C7160F /* AppDelegate.swift in Sources */,
				5961E5711C789D1900C7160F /* MailboxViewController.swift in Sources */,
			);
			runOnlyForDeploymentPostprocessing = 0;
		};
		5961E54F1C7899F500C7160F /* Sources */ = {
			isa = PBXSourcesBuildPhase;
			buildActionMask = 2147483647;
			files = (
				5961E5581C7899F500C7160F /* MailboxTests.swift in Sources */,
			);
			runOnlyForDeploymentPostprocessing = 0;
		};
		5961E55A1C7899F500C7160F /* Sources */ = {
			isa = PBXSourcesBuildPhase;
			buildActionMask = 2147483647;
			files = (
				5961E5631C7899F500C7160F /* MailboxUITests.swift in Sources */,
			);
			runOnlyForDeploymentPostprocessing = 0;
		};
/* End PBXSourcesBuildPhase section */

/* Begin PBXTargetDependency section */
		5961E5551C7899F500C7160F /* PBXTargetDependency */ = {
			isa = PBXTargetDependency;
			target = 5961E53E1C7899F400C7160F /* Mailbox */;
			targetProxy = 5961E5541C7899F500C7160F /* PBXContainerItemProxy */;
		};
		5961E5601C7899F500C7160F /* PBXTargetDependency */ = {
			isa = PBXTargetDependency;
			target = 5961E53E1C7899F400C7160F /* Mailbox */;
			targetProxy = 5961E55F1C7899F500C7160F /* PBXContainerItemProxy */;
		};
/* End PBXTargetDependency section */

/* Begin PBXVariantGroup section */
		5961E5461C7899F400C7160F /* Main.storyboard */ = {
			isa = PBXVariantGroup;
			children = (
				5961E5471C7899F400C7160F /* Base */,
			);
			name = Main.storyboard;
			sourceTree = "<group>";
		};
		5961E54B1C7899F400C7160F /* LaunchScreen.storyboard */ = {
			isa = PBXVariantGroup;
			children = (
				5961E54C1C7899F400C7160F /* Base */,
			);
			name = LaunchScreen.storyboard;
			sourceTree = "<group>";
		};
/* End PBXVariantGroup section */

/* Begin XCBuildConfiguration section */
		5961E5651C7899F500C7160F /* Debug */ = {
			isa = XCBuildConfiguration;
			buildSettings = {
				ALWAYS_SEARCH_USER_PATHS = NO;
				CLANG_CXX_LANGUAGE_STANDARD = "gnu++0x";
				CLANG_CXX_LIBRARY = "libc++";
				CLANG_ENABLE_MODULES = YES;
				CLANG_ENABLE_OBJC_ARC = YES;
				CLANG_WARN_BOOL_CONVERSION = YES;
				CLANG_WARN_CONSTANT_CONVERSION = YES;
				CLANG_WARN_DIRECT_OBJC_ISA_USAGE = YES_ERROR;
				CLANG_WARN_EMPTY_BODY = YES;
				CLANG_WARN_ENUM_CONVERSION = YES;
				CLANG_WARN_INT_CONVERSION = YES;
				CLANG_WARN_OBJC_ROOT_CLASS = YES_ERROR;
				CLANG_WARN_UNREACHABLE_CODE = YES;
				CLANG_WARN__DUPLICATE_METHOD_MATCH = YES;
				"CODE_SIGN_IDENTITY[sdk=iphoneos*]" = "iPhone Developer";
				COPY_PHASE_STRIP = NO;
				DEBUG_INFORMATION_FORMAT = dwarf;
				ENABLE_STRICT_OBJC_MSGSEND = YES;
				ENABLE_TESTABILITY = YES;
				GCC_C_LANGUAGE_STANDARD = gnu99;
				GCC_DYNAMIC_NO_PIC = NO;
				GCC_NO_COMMON_BLOCKS = YES;
				GCC_OPTIMIZATION_LEVEL = 0;
				GCC_PREPROCESSOR_DEFINITIONS = (
					"DEBUG=1",
					"$(inherited)",
				);
				GCC_WARN_64_TO_32_BIT_CONVERSION = YES;
				GCC_WARN_ABOUT_RETURN_TYPE = YES_ERROR;
				GCC_WARN_UNDECLARED_SELECTOR = YES;
				GCC_WARN_UNINITIALIZED_AUTOS = YES_AGGRESSIVE;
				GCC_WARN_UNUSED_FUNCTION = YES;
				GCC_WARN_UNUSED_VARIABLE = YES;
				IPHONEOS_DEPLOYMENT_TARGET = 9.2;
				MTL_ENABLE_DEBUG_INFO = YES;
				ONLY_ACTIVE_ARCH = YES;
				SDKROOT = iphoneos;
				SWIFT_OPTIMIZATION_LEVEL = "-Onone";
			};
			name = Debug;
		};
		5961E5661C7899F500C7160F /* Release */ = {
			isa = XCBuildConfiguration;
			buildSettings = {
				ALWAYS_SEARCH_USER_PATHS = NO;
				CLANG_CXX_LANGUAGE_STANDARD = "gnu++0x";
				CLANG_CXX_LIBRARY = "libc++";
				CLANG_ENABLE_MODULES = YES;
				CLANG_ENABLE_OBJC_ARC = YES;
				CLANG_WARN_BOOL_CONVERSION = YES;
				CLANG_WARN_CONSTANT_CONVERSION = YES;
				CLANG_WARN_DIRECT_OBJC_ISA_USAGE = YES_ERROR;
				CLANG_WARN_EMPTY_BODY = YES;
				CLANG_WARN_ENUM_CONVERSION = YES;
				CLANG_WARN_INT_CONVERSION = YES;
				CLANG_WARN_OBJC_ROOT_CLASS = YES_ERROR;
				CLANG_WARN_UNREACHABLE_CODE = YES;
				CLANG_WARN__DUPLICATE_METHOD_MATCH = YES;
				"CODE_SIGN_IDENTITY[sdk=iphoneos*]" = "iPhone Developer";
				COPY_PHASE_STRIP = NO;
				DEBUG_INFORMATION_FORMAT = "dwarf-with-dsym";
				ENABLE_NS_ASSERTIONS = NO;
				ENABLE_STRICT_OBJC_MSGSEND = YES;
				GCC_C_LANGUAGE_STANDARD = gnu99;
				GCC_NO_COMMON_BLOCKS = YES;
				GCC_WARN_64_TO_32_BIT_CONVERSION = YES;
				GCC_WARN_ABOUT_RETURN_TYPE = YES_ERROR;
				GCC_WARN_UNDECLARED_SELECTOR = YES;
				GCC_WARN_UNINITIALIZED_AUTOS = YES_AGGRESSIVE;
				GCC_WARN_UNUSED_FUNCTION = YES;
				GCC_WARN_UNUSED_VARIABLE = YES;
				IPHONEOS_DEPLOYMENT_TARGET = 9.2;
				MTL_ENABLE_DEBUG_INFO = NO;
				SDKROOT = iphoneos;
				VALIDATE_PRODUCT = YES;
			};
			name = Release;
		};
		5961E5681C7899F500C7160F /* Debug */ = {
			isa = XCBuildConfiguration;
			buildSettings = {
				ASSETCATALOG_COMPILER_APPICON_NAME = AppIcon;
				INFOPLIST_FILE = Mailbox/Info.plist;
				LD_RUNPATH_SEARCH_PATHS = "$(inherited) @executable_path/Frameworks";
				PRODUCT_BUNDLE_IDENTIFIER = kzhu.Mailbox;
				PRODUCT_NAME = "$(TARGET_NAME)";
			};
			name = Debug;
		};
		5961E5691C7899F500C7160F /* Release */ = {
			isa = XCBuildConfiguration;
			buildSettings = {
				ASSETCATALOG_COMPILER_APPICON_NAME = AppIcon;
				INFOPLIST_FILE = Mailbox/Info.plist;
				LD_RUNPATH_SEARCH_PATHS = "$(inherited) @executable_path/Frameworks";
				PRODUCT_BUNDLE_IDENTIFIER = kzhu.Mailbox;
				PRODUCT_NAME = "$(TARGET_NAME)";
			};
			name = Release;
		};
		5961E56B1C7899F500C7160F /* Debug */ = {
			isa = XCBuildConfiguration;
			buildSettings = {
				BUNDLE_LOADER = "$(TEST_HOST)";
				INFOPLIST_FILE = MailboxTests/Info.plist;
				LD_RUNPATH_SEARCH_PATHS = "$(inherited) @executable_path/Frameworks @loader_path/Frameworks";
				PRODUCT_BUNDLE_IDENTIFIER = kzhu.MailboxTests;
				PRODUCT_NAME = "$(TARGET_NAME)";
				TEST_HOST = "$(BUILT_PRODUCTS_DIR)/Mailbox.app/Mailbox";
			};
			name = Debug;
		};
		5961E56C1C7899F500C7160F /* Release */ = {
			isa = XCBuildConfiguration;
			buildSettings = {
				BUNDLE_LOADER = "$(TEST_HOST)";
				INFOPLIST_FILE = MailboxTests/Info.plist;
				LD_RUNPATH_SEARCH_PATHS = "$(inherited) @executable_path/Frameworks @loader_path/Frameworks";
				PRODUCT_BUNDLE_IDENTIFIER = kzhu.MailboxTests;
				PRODUCT_NAME = "$(TARGET_NAME)";
				TEST_HOST = "$(BUILT_PRODUCTS_DIR)/Mailbox.app/Mailbox";
			};
			name = Release;
		};
		5961E56E1C7899F500C7160F /* Debug */ = {
			isa = XCBuildConfiguration;
			buildSettings = {
				INFOPLIST_FILE = MailboxUITests/Info.plist;
				LD_RUNPATH_SEARCH_PATHS = "$(inherited) @executable_path/Frameworks @loader_path/Frameworks";
				PRODUCT_BUNDLE_IDENTIFIER = kzhu.MailboxUITests;
				PRODUCT_NAME = "$(TARGET_NAME)";
				TEST_TARGET_NAME = Mailbox;
				USES_XCTRUNNER = YES;
			};
			name = Debug;
		};
		5961E56F1C7899F500C7160F /* Release */ = {
			isa = XCBuildConfiguration;
			buildSettings = {
				INFOPLIST_FILE = MailboxUITests/Info.plist;
				LD_RUNPATH_SEARCH_PATHS = "$(inherited) @executable_path/Frameworks @loader_path/Frameworks";
				PRODUCT_BUNDLE_IDENTIFIER = kzhu.MailboxUITests;
				PRODUCT_NAME = "$(TARGET_NAME)";
				TEST_TARGET_NAME = Mailbox;
				USES_XCTRUNNER = YES;
			};
			name = Release;
		};
/* End XCBuildConfiguration section */

/* Begin XCConfigurationList section */
		5961E53A1C7899F400C7160F /* Build configuration list for PBXProject "Mailbox" */ = {
			isa = XCConfigurationList;
			buildConfigurations = (
				5961E5651C7899F500C7160F /* Debug */,
				5961E5661C7899F500C7160F /* Release */,
			);
			defaultConfigurationIsVisible = 0;
			defaultConfigurationName = Release;
		};
		5961E5671C7899F500C7160F /* Build configuration list for PBXNativeTarget "Mailbox" */ = {
			isa = XCConfigurationList;
			buildConfigurations = (
				5961E5681C7899F500C7160F /* Debug */,
				5961E5691C7899F500C7160F /* Release */,
			);
			defaultConfigurationIsVisible = 0;
		};
		5961E56A1C7899F500C7160F /* Build configuration list for PBXNativeTarget "MailboxTests" */ = {
			isa = XCConfigurationList;
			buildConfigurations = (
				5961E56B1C7899F500C7160F /* Debug */,
				5961E56C1C7899F500C7160F /* Release */,
			);
			defaultConfigurationIsVisible = 0;
		};
		5961E56D1C7899F500C7160F /* Build configuration list for PBXNativeTarget "MailboxUITests" */ = {
			isa = XCConfigurationList;
			buildConfigurations = (
				5961E56E1C7899F500C7160F /* Debug */,
				5961E56F1C7899F500C7160F /* Release */,
			);
			defaultConfigurationIsVisible = 0;
		};
/* End XCConfigurationList section */
	};
	rootObject = 5961E5371C7899F400C7160F /* Project object */;
}
